
Microsoft Visual Studio Solution File, Format Version 12.00
# Visual Studio Version 16
VisualStudioVersion = 16.0.30128.74
MinimumVisualStudioVersion = 10.0.40219.1
Project("{2150E333-8FDC-42A3-9474-1A3956D46DE8}") = "DAL", "DAL", "{DED10E89-392D-4CE2-9007-14A7BC34B00C}"
EndProject
Project("{2150E333-8FDC-42A3-9474-1A3956D46DE8}") = "Presenter", "Presenter", "{7689E694-4D9C-444F-A4BC-56F89649C45D}"
EndProject
Project("{FAE04EC0-301F-11D3-BF4B-00C04F79EFBC}") = "LRWEB_V1_CLIENT_SIDE_T24", "EPAY CLIENT SIDE\EPAY_ONLINE_V2_CLIENT_SIDE\LRWEB_V1_CLIENT_SIDE_T24.csproj", "{76A20C94-6152-4F13-A7FF-213AC0CE74D7}"
EndProject
Project("{FAE04EC0-301F-11D3-BF4B-00C04F79EFBC}") = "LRWEB_V1_ADMIN_T24", "EPAYADMIN\EPAY_ONLINE_V2_FINAL\LRWEB_V1_ADMIN_T24.csproj", "{7D6ED59E-0E16-4FCE-85E9-F3EA40830C24}"
EndProject
Project("{FAE04EC0-301F-11D3-BF4B-00C04F79EFBC}") = "BankAlertsDAL", "BankAlertsDAL\BankAlertsDAL.csproj", "{C2C59DCE-75A4-4972-BF8D-EF1D01250EF0}"
EndProject
Project("{2150E333-8FDC-42A3-9474-1A3956D46DE8}") = "BusinessLayer", "BusinessLayer", "{D6FE1B84-6328-4EE0-9D79-BB3B78B9D43C}"
EndProject
Project("{FAE04EC0-301F-11D3-BF4B-00C04F79EFBC}") = "BankAlertsBL", "BankAlertsBL\BankAlertsBL.csproj", "{ACCB1952-050A-4BF4-A759-5ECC2772460B}"
EndProject
Project("{2150E333-8FDC-42A3-9474-1A3956D46DE8}") = "BO.Entities", "BO.Entities", "{F1EC0BC8-7A3B-46E1-9752-CDAAC3F77479}"
EndProject
Project("{FAE04EC0-301F-11D3-BF4B-00C04F79EFBC}") = "BusinessObjectEntities", "BusinessObjectEntities\BusinessObjectEntities.csproj", "{F68DCCDC-20AE-44CE-8072-FAB8C70F27AE}"
EndProject
Global
	GlobalSection(SolutionConfigurationPlatforms) = preSolution
		Debug|Any CPU = Debug|Any CPU
		Release|Any CPU = Release|Any CPU
	EndGlobalSection
	GlobalSection(ProjectConfigurationPlatforms) = postSolution
		{76A20C94-6152-4F13-A7FF-213AC0CE74D7}.Debug|Any CPU.ActiveCfg = Debug|Any CPU
		{76A20C94-6152-4F13-A7FF-213AC0CE74D7}.Debug|Any CPU.Build.0 = Debug|Any CPU
		{76A20C94-6152-4F13-A7FF-213AC0CE74D7}.Release|Any CPU.ActiveCfg = Release|Any CPU
		{76A20C94-6152-4F13-A7FF-213AC0CE74D7}.Release|Any CPU.Build.0 = Release|Any CPU
		{7D6ED59E-0E16-4FCE-85E9-F3EA40830C24}.Debug|Any CPU.ActiveCfg = Debug|Any CPU
		{7D6ED59E-0E16-4FCE-85E9-F3EA40830C24}.Debug|Any CPU.Build.0 = Debug|Any CPU
		{7D6ED59E-0E16-4FCE-85E9-F3EA40830C24}.Release|Any CPU.ActiveCfg = Release|Any CPU
		{7D6ED59E-0E16-4FCE-85E9-F3EA40830C24}.Release|Any CPU.Build.0 = Release|Any CPU
		{C2C59DCE-75A4-4972-BF8D-EF1D01250EF0}.Debug|Any CPU.ActiveCfg = Debug|Any CPU
		{C2C59DCE-75A4-4972-BF8D-EF1D01250EF0}.Debug|Any CPU.Build.0 = Debug|Any CPU
		{C2C59DCE-75A4-4972-BF8D-EF1D01250EF0}.Release|Any CPU.ActiveCfg = Release|Any CPU
		{C2C59DCE-75A4-4972-BF8D-EF1D01250EF0}.Release|Any CPU.Build.0 = Release|Any CPU
		{ACCB1952-050A-4BF4-A759-5ECC2772460B}.Debug|Any CPU.ActiveCfg = Debug|Any CPU
		{ACCB1952-050A-4BF4-A759-5ECC2772460B}.Debug|Any CPU.Build.0 = Debug|Any CPU
		{ACCB1952-050A-4BF4-A759-5ECC2772460B}.Release|Any CPU.ActiveCfg = Release|Any CPU
		{ACCB1952-050A-4BF4-A759-5ECC2772460B}.Release|Any CPU.Build.0 = Release|Any CPU
		{F68DCCDC-20AE-44CE-8072-FAB8C70F27AE}.Debug|Any CPU.ActiveCfg = Debug|Any CPU
		{F68DCCDC-20AE-44CE-8072-FAB8C70F27AE}.Debug|Any CPU.Build.0 = Debug|Any CPU
		{F68DCCDC-20AE-44CE-8072-FAB8C70F27AE}.Release|Any CPU.ActiveCfg = Release|Any CPU
		{F68DCCDC-20AE-44CE-8072-FAB8C70F27AE}.Release|Any CPU.Build.0 = Release|Any CPU
	EndGlobalSection
	GlobalSection(SolutionProperties) = preSolution
		HideSolutionNode = FALSE
	EndGlobalSection
	GlobalSection(NestedProjects) = preSolution
		{76A20C94-6152-4F13-A7FF-213AC0CE74D7} = {7689E694-4D9C-444F-A4BC-56F89649C45D}
		{7D6ED59E-0E16-4FCE-85E9-F3EA40830C24} = {7689E694-4D9C-444F-A4BC-56F89649C45D}
		{C2C59DCE-75A4-4972-BF8D-EF1D01250EF0} = {DED10E89-392D-4CE2-9007-14A7BC34B00C}
		{ACCB1952-050A-4BF4-A759-5ECC2772460B} = {D6FE1B84-6328-4EE0-9D79-BB3B78B9D43C}
		{F68DCCDC-20AE-44CE-8072-FAB8C70F27AE} = {F1EC0BC8-7A3B-46E1-9752-CDAAC3F77479}
	EndGlobalSection
	GlobalSection(ExtensibilityGlobals) = postSolution
		SolutionGuid = {6897A2EE-1033-4DAD-A7CB-E2C365D4A903}
	EndGlobalSection
EndGlobal
